
Microsoft Visual Studio Solution File, Format Version 12.00
# Visual Studio Version 17
VisualStudioVersion = 17.8.34511.84
MinimumVisualStudioVersion = 10.0.40219.1
Project("{FAE04EC0-301F-11D3-BF4B-00C04F79EFBC}") = "Core", "Core\Core.csproj", "{0C08B439-41F8-4689-B706-617FB8CA5198}"
EndProject
Project("{FAE04EC0-301F-11D3-BF4B-00C04F79EFBC}") = "Business", "Business\Business.csproj", "{9A029113-84CC-41EA-B414-C43F2BFF7381}"
EndProject
Global
	GlobalSection(SolutionConfigurationPlatforms) = preSolution
		Debug|Any CPU = Debug|Any CPU
		Release|Any CPU = Release|Any CPU
	EndGlobalSection
	GlobalSection(ProjectConfigurationPlatforms) = postSolution
		{0C08B439-41F8-4689-B706-617FB8CA5198}.Debug|Any CPU.ActiveCfg = Debug|Any CPU
		{0C08B439-41F8-4689-B706-617FB8CA5198}.Debug|Any CPU.Build.0 = Debug|Any CPU
		{0C08B439-41F8-4689-B706-617FB8CA5198}.Release|Any CPU.ActiveCfg = Release|Any CPU
		{0C08B439-41F8-4689-B706-617FB8CA5198}.Release|Any CPU.Build.0 = Release|Any CPU
		{9A029113-84CC-41EA-B414-C43F2BFF7381}.Debug|Any CPU.ActiveCfg = Debug|Any CPU
		{9A029113-84CC-41EA-B414-C43F2BFF7381}.Debug|Any CPU.Build.0 = Debug|Any CPU
		{9A029113-84CC-41EA-B414-C43F2BFF7381}.Release|Any CPU.ActiveCfg = Release|Any CPU
		{9A029113-84CC-41EA-B414-C43F2BFF7381}.Release|Any CPU.Build.0 = Release|Any CPU
	EndGlobalSection
	GlobalSection(SolutionProperties) = preSolution
		HideSolutionNode = FALSE
	EndGlobalSection
	GlobalSection(ExtensibilityGlobals) = postSolution
		SolutionGuid = {3CA90744-F834-4344-BE95-291348267363}
	EndGlobalSection
EndGlobal
